
Microsoft Visual Studio Solution File, Format Version 12.00
# Visual Studio Version 17
VisualStudioVersion = 17.5.33530.505
MinimumVisualStudioVersion = 10.0.40219.1
Project("{8BC9CEB8-8B4A-11D0-8D11-00A0C91BC942}") = "LAB_RAB_5-OSSP", "LAB_RAB_5-OSSP\LAB_RAB_5-OSSP.vcxproj", "{24741FE2-E7A3-4804-8BFB-0348E2916DF0}"
EndProject
Global
	GlobalSection(SolutionConfigurationPlatforms) = preSolution
		Debug|x64 = Debug|x64
		Debug|x86 = Debug|x86
		Release|x64 = Release|x64
		Release|x86 = Release|x86
	EndGlobalSection
	GlobalSection(ProjectConfigurationPlatforms) = postSolution
		{24741FE2-E7A3-4804-8BFB-0348E2916DF0}.Debug|x64.ActiveCfg = Debug|x64
		{24741FE2-E7A3-4804-8BFB-0348E2916DF0}.Debug|x64.Build.0 = Debug|x64
		{24741FE2-E7A3-4804-8BFB-0348E2916DF0}.Debug|x86.ActiveCfg = Debug|Win32
		{24741FE2-E7A3-4804-8BFB-0348E2916DF0}.Debug|x86.Build.0 = Debug|Win32
		{24741FE2-E7A3-4804-8BFB-0348E2916DF0}.Release|x64.ActiveCfg = Release|x64
		{24741FE2-E7A3-4804-8BFB-0348E2916DF0}.Release|x64.Build.0 = Release|x64
		{24741FE2-E7A3-4804-8BFB-0348E2916DF0}.Release|x86.ActiveCfg = Release|Win32
		{24741FE2-E7A3-4804-8BFB-0348E2916DF0}.Release|x86.Build.0 = Release|Win32
	EndGlobalSection
	GlobalSection(SolutionProperties) = preSolution
		HideSolutionNode = FALSE
	EndGlobalSection
	GlobalSection(ExtensibilityGlobals) = postSolution
		SolutionGuid = {F9972F04-9DFE-4771-9D73-624D513646DE}
	EndGlobalSection
EndGlobal
